
Microsoft Visual Studio Solution File, Format Version 12.00
# Visual Studio 2012
Project("{FAE04EC0-301F-11D3-BF4B-00C04F79EFBC}") = "skyscanner-test-1", "skyscanner-test-1.csproj", "{5257346B-6BFB-4ABB-B781-991EB9964D61}"
EndProject
Global
	GlobalSection(SolutionConfigurationPlatforms) = preSolution
		Debug|Any CPU = Debug|Any CPU
		Release|Any CPU = Release|Any CPU
	EndGlobalSection
	GlobalSection(ProjectConfigurationPlatforms) = postSolution
		{5257346B-6BFB-4ABB-B781-991EB9964D61}.Debug|Any CPU.ActiveCfg = Debug|Any CPU
		{5257346B-6BFB-4ABB-B781-991EB9964D61}.Debug|Any CPU.Build.0 = Debug|Any CPU
		{5257346B-6BFB-4ABB-B781-991EB9964D61}.Release|Any CPU.ActiveCfg = Release|Any CPU
		{5257346B-6BFB-4ABB-B781-991EB9964D61}.Release|Any CPU.Build.0 = Release|Any CPU
	EndGlobalSection
	GlobalSection(SolutionProperties) = preSolution
		HideSolutionNode = FALSE
	EndGlobalSection
EndGlobal
